// !$*UTF8*$!
{
	archiveVersion = 1;
	classes = {
	};
	objectVersion = 56;
	objects = {

/* Begin PBXBuildFile section */
		6A23F3B62ACDF81300297414 /* login.storyboard in Resources */ = {isa = PBXBuildFile; fileRef = 6A23F3B52ACDF81300297414 /* login.storyboard */; };
		6A23F3B72ACDF81300297414 /* login.storyboard in Resources */ = {isa = PBXBuildFile; fileRef = 6A23F3B52ACDF81300297414 /* login.storyboard */; };
		6A3D48EE2AC74E4B00B6AFE1 /* LoginViewController.swift in Sources */ = {isa = PBXBuildFile; fileRef = 6A3D48ED2AC74E4B00B6AFE1 /* LoginViewController.swift */; };
		6A3D48EF2AC74E4B00B6AFE1 /* LoginViewController.swift in Sources */ = {isa = PBXBuildFile; fileRef = 6A3D48ED2AC74E4B00B6AFE1 /* LoginViewController.swift */; };
		6A3D48F12AC74E6200B6AFE1 /* RegisterViewController.swift in Sources */ = {isa = PBXBuildFile; fileRef = 6A3D48F02AC74E6200B6AFE1 /* RegisterViewController.swift */; };
		6A3D48F22AC74E6200B6AFE1 /* RegisterViewController.swift in Sources */ = {isa = PBXBuildFile; fileRef = 6A3D48F02AC74E6200B6AFE1 /* RegisterViewController.swift */; };
		6A3D48F72AC7503B00B6AFE1 /* ExtensionViewController.swift in Sources */ = {isa = PBXBuildFile; fileRef = 6A3D48F62AC7503B00B6AFE1 /* ExtensionViewController.swift */; };
		6A3D48F82AC7503B00B6AFE1 /* ExtensionViewController.swift in Sources */ = {isa = PBXBuildFile; fileRef = 6A3D48F62AC7503B00B6AFE1 /* ExtensionViewController.swift */; };
		6AABF9C92ADE05D800D747DB /* HomeCell.swift in Sources */ = {isa = PBXBuildFile; fileRef = 6AABF9C72ADE05D800D747DB /* HomeCell.swift */; };
		6AABF9CA2ADE05D800D747DB /* HomeCell.swift in Sources */ = {isa = PBXBuildFile; fileRef = 6AABF9C72ADE05D800D747DB /* HomeCell.swift */; };
		6AABF9CB2ADE05D800D747DB /* HomeCell.xib in Resources */ = {isa = PBXBuildFile; fileRef = 6AABF9C82ADE05D800D747DB /* HomeCell.xib */; };
		6AABF9CC2ADE05D800D747DB /* HomeCell.xib in Resources */ = {isa = PBXBuildFile; fileRef = 6AABF9C82ADE05D800D747DB /* HomeCell.xib */; };
		6AB232072ACF5589002577D2 /* TabBarController.swift in Sources */ = {isa = PBXBuildFile; fileRef = 6AB232062ACF5589002577D2 /* TabBarController.swift */; };
		6AB232082ACF5589002577D2 /* TabBarController.swift in Sources */ = {isa = PBXBuildFile; fileRef = 6AB232062ACF5589002577D2 /* TabBarController.swift */; };
		6AB2320B2ACF5749002577D2 /* ProfileViewController.swift in Sources */ = {isa = PBXBuildFile; fileRef = 6AB2320A2ACF5749002577D2 /* ProfileViewController.swift */; };
		6AB2320C2ACF5749002577D2 /* ProfileViewController.swift in Sources */ = {isa = PBXBuildFile; fileRef = 6AB2320A2ACF5749002577D2 /* ProfileViewController.swift */; };
		6AB2320E2ACF5773002577D2 /* ExampleViewController.swift in Sources */ = {isa = PBXBuildFile; fileRef = 6AB2320D2ACF5773002577D2 /* ExampleViewController.swift */; };
		6AB2320F2ACF5773002577D2 /* ExampleViewController.swift in Sources */ = {isa = PBXBuildFile; fileRef = 6AB2320D2ACF5773002577D2 /* ExampleViewController.swift */; };
		6AB232112ACF58DF002577D2 /* tabBar.storyboard in Resources */ = {isa = PBXBuildFile; fileRef = 6AB232102ACF58DF002577D2 /* tabBar.storyboard */; };
		6AB232122ACF58DF002577D2 /* tabBar.storyboard in Resources */ = {isa = PBXBuildFile; fileRef = 6AB232102ACF58DF002577D2 /* tabBar.storyboard */; };
		6AB232162ACF7276002577D2 /* profile.storyboard in Resources */ = {isa = PBXBuildFile; fileRef = 6AB232152ACF7276002577D2 /* profile.storyboard */; };
		6AB232172ACF7276002577D2 /* profile.storyboard in Resources */ = {isa = PBXBuildFile; fileRef = 6AB232152ACF7276002577D2 /* profile.storyboard */; };
		6AB232192ACF7D59002577D2 /* example.storyboard in Resources */ = {isa = PBXBuildFile; fileRef = 6AB232182ACF7D59002577D2 /* example.storyboard */; };
		6AB2321A2ACF7D59002577D2 /* example.storyboard in Resources */ = {isa = PBXBuildFile; fileRef = 6AB232182ACF7D59002577D2 /* example.storyboard */; };
		6AB2321E2ACF86A1002577D2 /* Alamofire in Frameworks */ = {isa = PBXBuildFile; productRef = 6AB2321D2ACF86A1002577D2 /* Alamofire */; };
		6AB232202ACF86B2002577D2 /* Alamofire in Frameworks */ = {isa = PBXBuildFile; productRef = 6AB2321F2ACF86B2002577D2 /* Alamofire */; };
		6AB232242ACF881A002577D2 /* API.swift in Sources */ = {isa = PBXBuildFile; fileRef = 6AB232232ACF881A002577D2 /* API.swift */; };
		6AB232252ACF881A002577D2 /* API.swift in Sources */ = {isa = PBXBuildFile; fileRef = 6AB232232ACF881A002577D2 /* API.swift */; };
		6AB232272ACF8DEE002577D2 /* URLExtension.swift in Sources */ = {isa = PBXBuildFile; fileRef = 6AB232262ACF8DEE002577D2 /* URLExtension.swift */; };
		6AB232282ACF8DEE002577D2 /* URLExtension.swift in Sources */ = {isa = PBXBuildFile; fileRef = 6AB232262ACF8DEE002577D2 /* URLExtension.swift */; };
		6AB2322A2ACF8EE5002577D2 /* NetworkMonitor.swift in Sources */ = {isa = PBXBuildFile; fileRef = 6AB232292ACF8EE5002577D2 /* NetworkMonitor.swift */; };
		6AB2322B2ACF8EE5002577D2 /* NetworkMonitor.swift in Sources */ = {isa = PBXBuildFile; fileRef = 6AB232292ACF8EE5002577D2 /* NetworkMonitor.swift */; };
		6AB2322D2ACF90EB002577D2 /* DataExtension.swift in Sources */ = {isa = PBXBuildFile; fileRef = 6AB2322C2ACF90EB002577D2 /* DataExtension.swift */; };
		6AB2322E2ACF90EB002577D2 /* DataExtension.swift in Sources */ = {isa = PBXBuildFile; fileRef = 6AB2322C2ACF90EB002577D2 /* DataExtension.swift */; };
		6AD1F78D2AC643F3005915E3 /* FirebaseAuth in Frameworks */ = {isa = PBXBuildFile; productRef = 6AD1F78C2AC643F3005915E3 /* FirebaseAuth */; };
		6AD1F78F2AC6440D005915E3 /* FirebaseAuth in Frameworks */ = {isa = PBXBuildFile; productRef = 6AD1F78E2AC6440D005915E3 /* FirebaseAuth */; };
		6AEE963F2AC4A14400792893 /* AppDelegate.swift in Sources */ = {isa = PBXBuildFile; fileRef = 6AEE963E2AC4A14400792893 /* AppDelegate.swift */; };
		6AEE96412AC4A14400792893 /* SceneDelegate.swift in Sources */ = {isa = PBXBuildFile; fileRef = 6AEE96402AC4A14400792893 /* SceneDelegate.swift */; };
		6AEE96432AC4A14400792893 /* ViewController.swift in Sources */ = {isa = PBXBuildFile; fileRef = 6AEE96422AC4A14400792893 /* ViewController.swift */; };
		6AEE96462AC4A14400792893 /* Main.storyboard in Resources */ = {isa = PBXBuildFile; fileRef = 6AEE96442AC4A14400792893 /* Main.storyboard */; };
		6AEE964B2AC4A14600792893 /* LaunchScreen.storyboard in Resources */ = {isa = PBXBuildFile; fileRef = 6AEE96492AC4A14600792893 /* LaunchScreen.storyboard */; };
		6AEE96562AC4A14700792893 /* TargetsTests.swift in Sources */ = {isa = PBXBuildFile; fileRef = 6AEE96552AC4A14700792893 /* TargetsTests.swift */; };
		6AEE96602AC4A14700792893 /* TargetsUITests.swift in Sources */ = {isa = PBXBuildFile; fileRef = 6AEE965F2AC4A14700792893 /* TargetsUITests.swift */; };
		6AEE96622AC4A14700792893 /* TargetsUITestsLaunchTests.swift in Sources */ = {isa = PBXBuildFile; fileRef = 6AEE96612AC4A14700792893 /* TargetsUITestsLaunchTests.swift */; };
		6AEE96702AC4A3A100792893 /* ViewController.swift in Sources */ = {isa = PBXBuildFile; fileRef = 6AEE96422AC4A14400792893 /* ViewController.swift */; };
		6AEE96712AC4A3A100792893 /* AppDelegate.swift in Sources */ = {isa = PBXBuildFile; fileRef = 6AEE963E2AC4A14400792893 /* AppDelegate.swift */; };
		6AEE96722AC4A3A100792893 /* SceneDelegate.swift in Sources */ = {isa = PBXBuildFile; fileRef = 6AEE96402AC4A14400792893 /* SceneDelegate.swift */; };
		6AEE96752AC4A3A100792893 /* LaunchScreen.storyboard in Resources */ = {isa = PBXBuildFile; fileRef = 6AEE96492AC4A14600792893 /* LaunchScreen.storyboard */; };
		6AEE96772AC4A3A100792893 /* Main.storyboard in Resources */ = {isa = PBXBuildFile; fileRef = 6AEE96442AC4A14400792893 /* Main.storyboard */; };
		6AEE96902AC4C20500792893 /* GoogleService-Info.plist in Resources */ = {isa = PBXBuildFile; fileRef = 6AEE968F2AC4C20500792893 /* GoogleService-Info.plist */; };
		6AEE96932AC4C21400792893 /* GoogleService-Info.plist in Resources */ = {isa = PBXBuildFile; fileRef = 6AEE96922AC4C21400792893 /* GoogleService-Info.plist */; };
		6AEE96952AC4E56800792893 /* Assets.xcassets in Resources */ = {isa = PBXBuildFile; fileRef = 6AEE96472AC4A14600792893 /* Assets.xcassets */; };
		6AEE96962AC4E57C00792893 /* Assets.xcassets in Resources */ = {isa = PBXBuildFile; fileRef = 6AEE96472AC4A14600792893 /* Assets.xcassets */; };
		6AEE96992AC4F4FA00792893 /* FirebaseAnalytics in Frameworks */ = {isa = PBXBuildFile; productRef = 6AEE96982AC4F4FA00792893 /* FirebaseAnalytics */; };
		6AEE969B2AC4F4FA00792893 /* FirebaseCrashlytics in Frameworks */ = {isa = PBXBuildFile; productRef = 6AEE969A2AC4F4FA00792893 /* FirebaseCrashlytics */; };
		6AEE969D2AC4F52000792893 /* FirebaseAnalytics in Frameworks */ = {isa = PBXBuildFile; productRef = 6AEE969C2AC4F52000792893 /* FirebaseAnalytics */; };
		6AEE969F2AC4F52000792893 /* FirebaseCrashlytics in Frameworks */ = {isa = PBXBuildFile; productRef = 6AEE969E2AC4F52000792893 /* FirebaseCrashlytics */; };
		6AFDEA082AC773BA0032D31B /* menu.storyboard in Resources */ = {isa = PBXBuildFile; fileRef = 6AFDEA072AC773BA0032D31B /* menu.storyboard */; };
		6AFDEA092AC773BA0032D31B /* menu.storyboard in Resources */ = {isa = PBXBuildFile; fileRef = 6AFDEA072AC773BA0032D31B /* menu.storyboard */; };
		6AFDEA0B2AC773E40032D31B /* SideMenuViewController.swift in Sources */ = {isa = PBXBuildFile; fileRef = 6AFDEA0A2AC773E40032D31B /* SideMenuViewController.swift */; };
		6AFDEA0C2AC773E40032D31B /* SideMenuViewController.swift in Sources */ = {isa = PBXBuildFile; fileRef = 6AFDEA0A2AC773E40032D31B /* SideMenuViewController.swift */; };
		6AFDEA0E2AC773F90032D31B /* MainViewController.swift in Sources */ = {isa = PBXBuildFile; fileRef = 6AFDEA0D2AC773F90032D31B /* MainViewController.swift */; };
		6AFDEA0F2AC773F90032D31B /* MainViewController.swift in Sources */ = {isa = PBXBuildFile; fileRef = 6AFDEA0D2AC773F90032D31B /* MainViewController.swift */; };
		6AFDEA192AC78E9E0032D31B /* SideMenuCell.swift in Sources */ = {isa = PBXBuildFile; fileRef = 6AFDEA172AC78E9E0032D31B /* SideMenuCell.swift */; };
		6AFDEA1A2AC78E9E0032D31B /* SideMenuCell.swift in Sources */ = {isa = PBXBuildFile; fileRef = 6AFDEA172AC78E9E0032D31B /* SideMenuCell.swift */; };
		6AFDEA1B2AC78E9E0032D31B /* SideMenuCell.xib in Resources */ = {isa = PBXBuildFile; fileRef = 6AFDEA182AC78E9E0032D31B /* SideMenuCell.xib */; };
		6AFDEA1C2AC78E9E0032D31B /* SideMenuCell.xib in Resources */ = {isa = PBXBuildFile; fileRef = 6AFDEA182AC78E9E0032D31B /* SideMenuCell.xib */; };
		6AFDEA1E2AC796EF0032D31B /* ExtensionUIViewController.swift in Sources */ = {isa = PBXBuildFile; fileRef = 6AFDEA1D2AC796EF0032D31B /* ExtensionUIViewController.swift */; };
		6AFDEA1F2AC796EF0032D31B /* ExtensionUIViewController.swift in Sources */ = {isa = PBXBuildFile; fileRef = 6AFDEA1D2AC796EF0032D31B /* ExtensionUIViewController.swift */; };
		6AFDEA222AC798C50032D31B /* home.storyboard in Resources */ = {isa = PBXBuildFile; fileRef = 6AFDEA212AC798C50032D31B /* home.storyboard */; };
		6AFDEA232AC798C50032D31B /* home.storyboard in Resources */ = {isa = PBXBuildFile; fileRef = 6AFDEA212AC798C50032D31B /* home.storyboard */; };
		6AFDEA252AC7994D0032D31B /* HomeViewController.swift in Sources */ = {isa = PBXBuildFile; fileRef = 6AFDEA242AC7994D0032D31B /* HomeViewController.swift */; };
		6AFDEA262AC7994D0032D31B /* HomeViewController.swift in Sources */ = {isa = PBXBuildFile; fileRef = 6AFDEA242AC7994D0032D31B /* HomeViewController.swift */; };
/* End PBXBuildFile section */

/* Begin PBXContainerItemProxy section */
		6AEE96522AC4A14700792893 /* PBXContainerItemProxy */ = {
			isa = PBXContainerItemProxy;
			containerPortal = 6AEE96332AC4A14400792893 /* Project object */;
			proxyType = 1;
			remoteGlobalIDString = 6AEE963A2AC4A14400792893;
			remoteInfo = Targets;
		};
		6AEE965C2AC4A14700792893 /* PBXContainerItemProxy */ = {
			isa = PBXContainerItemProxy;
			containerPortal = 6AEE96332AC4A14400792893 /* Project object */;
			proxyType = 1;
			remoteGlobalIDString = 6AEE963A2AC4A14400792893;
			remoteInfo = Targets;
		};
/* End PBXContainerItemProxy section */

/* Begin PBXFileReference section */
		6A23F3B52ACDF81300297414 /* login.storyboard */ = {isa = PBXFileReference; lastKnownFileType = file.storyboard; path = login.storyboard; sourceTree = "<group>"; };
		6A3D48ED2AC74E4B00B6AFE1 /* LoginViewController.swift */ = {isa = PBXFileReference; lastKnownFileType = sourcecode.swift; path = LoginViewController.swift; sourceTree = "<group>"; };
		6A3D48F02AC74E6200B6AFE1 /* RegisterViewController.swift */ = {isa = PBXFileReference; lastKnownFileType = sourcecode.swift; path = RegisterViewController.swift; sourceTree = "<group>"; };
		6A3D48F62AC7503B00B6AFE1 /* ExtensionViewController.swift */ = {isa = PBXFileReference; lastKnownFileType = sourcecode.swift; path = ExtensionViewController.swift; sourceTree = "<group>"; };
		6AABF9C72ADE05D800D747DB /* HomeCell.swift */ = {isa = PBXFileReference; lastKnownFileType = sourcecode.swift; path = HomeCell.swift; sourceTree = "<group>"; };
		6AABF9C82ADE05D800D747DB /* HomeCell.xib */ = {isa = PBXFileReference; lastKnownFileType = file.xib; path = HomeCell.xib; sourceTree = "<group>"; };
		6AB232062ACF5589002577D2 /* TabBarController.swift */ = {isa = PBXFileReference; lastKnownFileType = sourcecode.swift; path = TabBarController.swift; sourceTree = "<group>"; };
		6AB2320A2ACF5749002577D2 /* ProfileViewController.swift */ = {isa = PBXFileReference; lastKnownFileType = sourcecode.swift; path = ProfileViewController.swift; sourceTree = "<group>"; };
		6AB2320D2ACF5773002577D2 /* ExampleViewController.swift */ = {isa = PBXFileReference; lastKnownFileType = sourcecode.swift; path = ExampleViewController.swift; sourceTree = "<group>"; };
		6AB232102ACF58DF002577D2 /* tabBar.storyboard */ = {isa = PBXFileReference; lastKnownFileType = file.storyboard; path = tabBar.storyboard; sourceTree = "<group>"; };
		6AB232152ACF7276002577D2 /* profile.storyboard */ = {isa = PBXFileReference; lastKnownFileType = file.storyboard; path = profile.storyboard; sourceTree = "<group>"; };
		6AB232182ACF7D59002577D2 /* example.storyboard */ = {isa = PBXFileReference; lastKnownFileType = file.storyboard; path = example.storyboard; sourceTree = "<group>"; };
		6AB232232ACF881A002577D2 /* API.swift */ = {isa = PBXFileReference; lastKnownFileType = sourcecode.swift; path = API.swift; sourceTree = "<group>"; };
		6AB232262ACF8DEE002577D2 /* URLExtension.swift */ = {isa = PBXFileReference; lastKnownFileType = sourcecode.swift; path = URLExtension.swift; sourceTree = "<group>"; };
		6AB232292ACF8EE5002577D2 /* NetworkMonitor.swift */ = {isa = PBXFileReference; lastKnownFileType = sourcecode.swift; path = NetworkMonitor.swift; sourceTree = "<group>"; };
		6AB2322C2ACF90EB002577D2 /* DataExtension.swift */ = {isa = PBXFileReference; lastKnownFileType = sourcecode.swift; path = DataExtension.swift; sourceTree = "<group>"; };
		6AEE963B2AC4A14400792893 /* Targets.app */ = {isa = PBXFileReference; explicitFileType = wrapper.application; includeInIndex = 0; path = Targets.app; sourceTree = BUILT_PRODUCTS_DIR; };
		6AEE963E2AC4A14400792893 /* AppDelegate.swift */ = {isa = PBXFileReference; lastKnownFileType = sourcecode.swift; path = AppDelegate.swift; sourceTree = "<group>"; };
		6AEE96402AC4A14400792893 /* SceneDelegate.swift */ = {isa = PBXFileReference; lastKnownFileType = sourcecode.swift; path = SceneDelegate.swift; sourceTree = "<group>"; };
		6AEE96422AC4A14400792893 /* ViewController.swift */ = {isa = PBXFileReference; lastKnownFileType = sourcecode.swift; path = ViewController.swift; sourceTree = "<group>"; };
		6AEE96452AC4A14400792893 /* Base */ = {isa = PBXFileReference; lastKnownFileType = file.storyboard; name = Base; path = Base.lproj/Main.storyboard; sourceTree = "<group>"; };
		6AEE96472AC4A14600792893 /* Assets.xcassets */ = {isa = PBXFileReference; lastKnownFileType = folder.assetcatalog; path = Assets.xcassets; sourceTree = "<group>"; };
		6AEE964A2AC4A14600792893 /* Base */ = {isa = PBXFileReference; lastKnownFileType = file.storyboard; name = Base; path = Base.lproj/LaunchScreen.storyboard; sourceTree = "<group>"; };
		6AEE964C2AC4A14600792893 /* Info.plist */ = {isa = PBXFileReference; lastKnownFileType = text.plist.xml; path = Info.plist; sourceTree = "<group>"; };
		6AEE96512AC4A14700792893 /* TargetsTests.xctest */ = {isa = PBXFileReference; explicitFileType = wrapper.cfbundle; includeInIndex = 0; path = TargetsTests.xctest; sourceTree = BUILT_PRODUCTS_DIR; };
		6AEE96552AC4A14700792893 /* TargetsTests.swift */ = {isa = PBXFileReference; lastKnownFileType = sourcecode.swift; path = TargetsTests.swift; sourceTree = "<group>"; };
		6AEE965B2AC4A14700792893 /* TargetsUITests.xctest */ = {isa = PBXFileReference; explicitFileType = wrapper.cfbundle; includeInIndex = 0; path = TargetsUITests.xctest; sourceTree = BUILT_PRODUCTS_DIR; };
		6AEE965F2AC4A14700792893 /* TargetsUITests.swift */ = {isa = PBXFileReference; lastKnownFileType = sourcecode.swift; path = TargetsUITests.swift; sourceTree = "<group>"; };
		6AEE96612AC4A14700792893 /* TargetsUITestsLaunchTests.swift */ = {isa = PBXFileReference; lastKnownFileType = sourcecode.swift; path = TargetsUITestsLaunchTests.swift; sourceTree = "<group>"; };
		6AEE967B2AC4A3A100792893 /* Targets_Dev.app */ = {isa = PBXFileReference; explicitFileType = wrapper.application; includeInIndex = 0; path = Targets_Dev.app; sourceTree = BUILT_PRODUCTS_DIR; };
		6AEE967C2AC4A3A100792893 /* Targets_Dev-Info.plist */ = {isa = PBXFileReference; lastKnownFileType = text.plist.xml; name = "Targets_Dev-Info.plist"; path = "/Users/sferea/Desktop/Recursos/iOS_PersonalProjects/iOS_Projects/Targets/Targets_Dev-Info.plist"; sourceTree = "<absolute>"; };
		6AEE968F2AC4C20500792893 /* GoogleService-Info.plist */ = {isa = PBXFileReference; fileEncoding = 4; lastKnownFileType = text.plist.xml; path = "GoogleService-Info.plist"; sourceTree = "<group>"; };
		6AEE96922AC4C21400792893 /* GoogleService-Info.plist */ = {isa = PBXFileReference; fileEncoding = 4; lastKnownFileType = text.plist.xml; path = "GoogleService-Info.plist"; sourceTree = "<group>"; };
		6AFDEA072AC773BA0032D31B /* menu.storyboard */ = {isa = PBXFileReference; lastKnownFileType = file.storyboard; path = menu.storyboard; sourceTree = "<group>"; };
		6AFDEA0A2AC773E40032D31B /* SideMenuViewController.swift */ = {isa = PBXFileReference; lastKnownFileType = sourcecode.swift; path = SideMenuViewController.swift; sourceTree = "<group>"; };
		6AFDEA0D2AC773F90032D31B /* MainViewController.swift */ = {isa = PBXFileReference; lastKnownFileType = sourcecode.swift; path = MainViewController.swift; sourceTree = "<group>"; };
		6AFDEA172AC78E9E0032D31B /* SideMenuCell.swift */ = {isa = PBXFileReference; lastKnownFileType = sourcecode.swift; path = SideMenuCell.swift; sourceTree = "<group>"; };
		6AFDEA182AC78E9E0032D31B /* SideMenuCell.xib */ = {isa = PBXFileReference; lastKnownFileType = file.xib; path = SideMenuCell.xib; sourceTree = "<group>"; };
		6AFDEA1D2AC796EF0032D31B /* ExtensionUIViewController.swift */ = {isa = PBXFileReference; lastKnownFileType = sourcecode.swift; path = ExtensionUIViewController.swift; sourceTree = "<group>"; };
		6AFDEA212AC798C50032D31B /* home.storyboard */ = {isa = PBXFileReference; lastKnownFileType = file.storyboard; path = home.storyboard; sourceTree = "<group>"; };
		6AFDEA242AC7994D0032D31B /* HomeViewController.swift */ = {isa = PBXFileReference; lastKnownFileType = sourcecode.swift; path = HomeViewController.swift; sourceTree = "<group>"; };
/* End PBXFileReference section */

/* Begin PBXFrameworksBuildPhase section */
		6AEE96382AC4A14400792893 /* Frameworks */ = {
			isa = PBXFrameworksBuildPhase;
			buildActionMask = 2147483647;
			files = (
				6AEE969D2AC4F52000792893 /* FirebaseAnalytics in Frameworks */,
				6AB232202ACF86B2002577D2 /* Alamofire in Frameworks */,
				6AD1F78F2AC6440D005915E3 /* FirebaseAuth in Frameworks */,
				6AEE969F2AC4F52000792893 /* FirebaseCrashlytics in Frameworks */,
			);
			runOnlyForDeploymentPostprocessing = 0;
		};
		6AEE964E2AC4A14700792893 /* Frameworks */ = {
			isa = PBXFrameworksBuildPhase;
			buildActionMask = 2147483647;
			files = (
			);
			runOnlyForDeploymentPostprocessing = 0;
		};
		6AEE96582AC4A14700792893 /* Frameworks */ = {
			isa = PBXFrameworksBuildPhase;
			buildActionMask = 2147483647;
			files = (
			);
			runOnlyForDeploymentPostprocessing = 0;
		};
		6AEE96732AC4A3A100792893 /* Frameworks */ = {
			isa = PBXFrameworksBuildPhase;
			buildActionMask = 2147483647;
			files = (
				6AEE96992AC4F4FA00792893 /* FirebaseAnalytics in Frameworks */,
				6AB2321E2ACF86A1002577D2 /* Alamofire in Frameworks */,
				6AD1F78D2AC643F3005915E3 /* FirebaseAuth in Frameworks */,
				6AEE969B2AC4F4FA00792893 /* FirebaseCrashlytics in Frameworks */,
			);
			runOnlyForDeploymentPostprocessing = 0;
		};
/* End PBXFrameworksBuildPhase section */

/* Begin PBXGroup section */
		6AABF9C62ADE05A100D747DB /* Cells */ = {
			isa = PBXGroup;
			children = (
				6AABF9C72ADE05D800D747DB /* HomeCell.swift */,
				6AABF9C82ADE05D800D747DB /* HomeCell.xib */,
			);
			path = Cells;
			sourceTree = "<group>";
		};
		6AB232052ACF556C002577D2 /* TabBar */ = {
			isa = PBXGroup;
			children = (
				6AB232062ACF5589002577D2 /* TabBarController.swift */,
				6AB232102ACF58DF002577D2 /* tabBar.storyboard */,
			);
			path = TabBar;
			sourceTree = "<group>";
		};
		6AB232092ACF5724002577D2 /* Example */ = {
			isa = PBXGroup;
			children = (
				6AB2320D2ACF5773002577D2 /* ExampleViewController.swift */,
				6AB232182ACF7D59002577D2 /* example.storyboard */,
			);
			path = Example;
			sourceTree = "<group>";
		};
		6AB232132ACF7247002577D2 /* Profile */ = {
			isa = PBXGroup;
			children = (
				6AB2320A2ACF5749002577D2 /* ProfileViewController.swift */,
				6AB232152ACF7276002577D2 /* profile.storyboard */,
			);
			path = Profile;
			sourceTree = "<group>";
		};
		6AB2321B2ACF7F76002577D2 /* Extensions */ = {
			isa = PBXGroup;
			children = (
				6AFDEA1D2AC796EF0032D31B /* ExtensionUIViewController.swift */,
				6A3D48F62AC7503B00B6AFE1 /* ExtensionViewController.swift */,
				6AB232262ACF8DEE002577D2 /* URLExtension.swift */,
				6AB2322C2ACF90EB002577D2 /* DataExtension.swift */,
			);
			path = Extensions;
			sourceTree = "<group>";
		};
		6AB232212ACF872F002577D2 /* Request */ = {
			isa = PBXGroup;
			children = (
				6AB232232ACF881A002577D2 /* API.swift */,
				6AB232292ACF8EE5002577D2 /* NetworkMonitor.swift */,
			);
			path = Request;
			sourceTree = "<group>";
		};
		6AB232222ACF8742002577D2 /* Modules */ = {
			isa = PBXGroup;
			children = (
				6AB232132ACF7247002577D2 /* Profile */,
				6AB232092ACF5724002577D2 /* Example */,
				6AFDEA052AC773510032D31B /* Login */,
				6AFDEA062AC7737C0032D31B /* Menu */,
				6AFDEA202AC798A90032D31B /* Home */,
			);
			path = Modules;
			sourceTree = "<group>";
		};
		6AEE96322AC4A14400792893 = {
			isa = PBXGroup;
			children = (
				6AEE963D2AC4A14400792893 /* Targets */,
				6AEE96542AC4A14700792893 /* TargetsTests */,
				6AEE965E2AC4A14700792893 /* TargetsUITests */,
				6AEE963C2AC4A14400792893 /* Products */,
				6AEE967C2AC4A3A100792893 /* Targets_Dev-Info.plist */,
			);
			sourceTree = "<group>";
		};
		6AEE963C2AC4A14400792893 /* Products */ = {
			isa = PBXGroup;
			children = (
				6AEE963B2AC4A14400792893 /* Targets.app */,
				6AEE96512AC4A14700792893 /* TargetsTests.xctest */,
				6AEE965B2AC4A14700792893 /* TargetsUITests.xctest */,
				6AEE967B2AC4A3A100792893 /* Targets_Dev.app */,
			);
			name = Products;
			sourceTree = "<group>";
		};
		6AEE963D2AC4A14400792893 /* Targets */ = {
			isa = PBXGroup;
			children = (
				6AABF9C62ADE05A100D747DB /* Cells */,
				6AB232222ACF8742002577D2 /* Modules */,
				6AB232212ACF872F002577D2 /* Request */,
				6AB2321B2ACF7F76002577D2 /* Extensions */,
				6AB232052ACF556C002577D2 /* TabBar */,
				6AEE96912AC4C21400792893 /* Dev */,
				6AEE968E2AC4C20500792893 /* Prod */,
				6AEE963E2AC4A14400792893 /* AppDelegate.swift */,
				6AEE96402AC4A14400792893 /* SceneDelegate.swift */,
				6AEE96422AC4A14400792893 /* ViewController.swift */,
				6AEE96442AC4A14400792893 /* Main.storyboard */,
				6AEE96472AC4A14600792893 /* Assets.xcassets */,
				6AEE96492AC4A14600792893 /* LaunchScreen.storyboard */,
				6AEE964C2AC4A14600792893 /* Info.plist */,
			);
			path = Targets;
			sourceTree = "<group>";
		};
		6AEE96542AC4A14700792893 /* TargetsTests */ = {
			isa = PBXGroup;
			children = (
				6AEE96552AC4A14700792893 /* TargetsTests.swift */,
			);
			path = TargetsTests;
			sourceTree = "<group>";
		};
		6AEE965E2AC4A14700792893 /* TargetsUITests */ = {
			isa = PBXGroup;
			children = (
				6AEE965F2AC4A14700792893 /* TargetsUITests.swift */,
				6AEE96612AC4A14700792893 /* TargetsUITestsLaunchTests.swift */,
			);
			path = TargetsUITests;
			sourceTree = "<group>";
		};
		6AEE968E2AC4C20500792893 /* Prod */ = {
			isa = PBXGroup;
			children = (
				6AEE968F2AC4C20500792893 /* GoogleService-Info.plist */,
			);
			path = Prod;
			sourceTree = "<group>";
		};
		6AEE96912AC4C21400792893 /* Dev */ = {
			isa = PBXGroup;
			children = (
				6AEE96922AC4C21400792893 /* GoogleService-Info.plist */,
			);
			path = Dev;
			sourceTree = "<group>";
		};
		6AFDEA052AC773510032D31B /* Login */ = {
			isa = PBXGroup;
			children = (
				6A3D48F02AC74E6200B6AFE1 /* RegisterViewController.swift */,
				6A3D48ED2AC74E4B00B6AFE1 /* LoginViewController.swift */,
				6A23F3B52ACDF81300297414 /* login.storyboard */,
			);
			path = Login;
			sourceTree = "<group>";
		};
		6AFDEA062AC7737C0032D31B /* Menu */ = {
			isa = PBXGroup;
			children = (
				6AFDEA102AC78E080032D31B /* Cells */,
				6AFDEA072AC773BA0032D31B /* menu.storyboard */,
				6AFDEA0A2AC773E40032D31B /* SideMenuViewController.swift */,
				6AFDEA0D2AC773F90032D31B /* MainViewController.swift */,
			);
			path = Menu;
			sourceTree = "<group>";
		};
		6AFDEA102AC78E080032D31B /* Cells */ = {
			isa = PBXGroup;
			children = (
				6AFDEA172AC78E9E0032D31B /* SideMenuCell.swift */,
				6AFDEA182AC78E9E0032D31B /* SideMenuCell.xib */,
			);
			path = Cells;
			sourceTree = "<group>";
		};
		6AFDEA202AC798A90032D31B /* Home */ = {
			isa = PBXGroup;
			children = (
				6AFDEA212AC798C50032D31B /* home.storyboard */,
				6AFDEA242AC7994D0032D31B /* HomeViewController.swift */,
			);
			path = Home;
			sourceTree = "<group>";
		};
/* End PBXGroup section */

/* Begin PBXNativeTarget section */
		6AEE963A2AC4A14400792893 /* Targets */ = {
			isa = PBXNativeTarget;
			buildConfigurationList = 6AEE96652AC4A14700792893 /* Build configuration list for PBXNativeTarget "Targets" */;
			buildPhases = (
				6AEE96372AC4A14400792893 /* Sources */,
				6AEE96382AC4A14400792893 /* Frameworks */,
				6AEE96392AC4A14400792893 /* Resources */,
			);
			buildRules = (
			);
			dependencies = (
			);
			name = Targets;
			packageProductDependencies = (
				6AEE969C2AC4F52000792893 /* FirebaseAnalytics */,
				6AEE969E2AC4F52000792893 /* FirebaseCrashlytics */,
				6AD1F78E2AC6440D005915E3 /* FirebaseAuth */,
				6AB2321F2ACF86B2002577D2 /* Alamofire */,
			);
			productName = Targets;
			productReference = 6AEE963B2AC4A14400792893 /* Targets.app */;
			productType = "com.apple.product-type.application";
		};
		6AEE96502AC4A14700792893 /* TargetsTests */ = {
			isa = PBXNativeTarget;
			buildConfigurationList = 6AEE96682AC4A14700792893 /* Build configuration list for PBXNativeTarget "TargetsTests" */;
			buildPhases = (
				6AEE964D2AC4A14700792893 /* Sources */,
				6AEE964E2AC4A14700792893 /* Frameworks */,
				6AEE964F2AC4A14700792893 /* Resources */,
			);
			buildRules = (
			);
			dependencies = (
				6AEE96532AC4A14700792893 /* PBXTargetDependency */,
			);
			name = TargetsTests;
			productName = TargetsTests;
			productReference = 6AEE96512AC4A14700792893 /* TargetsTests.xctest */;
			productType = "com.apple.product-type.bundle.unit-test";
		};
		6AEE965A2AC4A14700792893 /* TargetsUITests */ = {
			isa = PBXNativeTarget;
			buildConfigurationList = 6AEE966B2AC4A14700792893 /* Build configuration list for PBXNativeTarget "TargetsUITests" */;
			buildPhases = (
				6AEE96572AC4A14700792893 /* Sources */,
				6AEE96582AC4A14700792893 /* Frameworks */,
				6AEE96592AC4A14700792893 /* Resources */,
			);
			buildRules = (
			);
			dependencies = (
				6AEE965D2AC4A14700792893 /* PBXTargetDependency */,
			);
			name = TargetsUITests;
			productName = TargetsUITests;
			productReference = 6AEE965B2AC4A14700792893 /* TargetsUITests.xctest */;
			productType = "com.apple.product-type.bundle.ui-testing";
		};
		6AEE966E2AC4A3A100792893 /* Targets_Dev */ = {
			isa = PBXNativeTarget;
			buildConfigurationList = 6AEE96782AC4A3A100792893 /* Build configuration list for PBXNativeTarget "Targets_Dev" */;
			buildPhases = (
				6AEE966F2AC4A3A100792893 /* Sources */,
				6AEE96732AC4A3A100792893 /* Frameworks */,
				6AEE96742AC4A3A100792893 /* Resources */,
			);
			buildRules = (
			);
			dependencies = (
			);
			name = Targets_Dev;
			packageProductDependencies = (
				6AEE96982AC4F4FA00792893 /* FirebaseAnalytics */,
				6AEE969A2AC4F4FA00792893 /* FirebaseCrashlytics */,
				6AD1F78C2AC643F3005915E3 /* FirebaseAuth */,
				6AB2321D2ACF86A1002577D2 /* Alamofire */,
			);
			productName = Targets;
			productReference = 6AEE967B2AC4A3A100792893 /* Targets_Dev.app */;
			productType = "com.apple.product-type.application";
		};
/* End PBXNativeTarget section */

/* Begin PBXProject section */
		6AEE96332AC4A14400792893 /* Project object */ = {
			isa = PBXProject;
			attributes = {
				BuildIndependentTargetsInParallel = 1;
				LastSwiftUpdateCheck = 1500;
				LastUpgradeCheck = 1500;
				TargetAttributes = {
					6AEE963A2AC4A14400792893 = {
						CreatedOnToolsVersion = 15.0;
					};
					6AEE96502AC4A14700792893 = {
						CreatedOnToolsVersion = 15.0;
						TestTargetID = 6AEE963A2AC4A14400792893;
					};
					6AEE965A2AC4A14700792893 = {
						CreatedOnToolsVersion = 15.0;
						TestTargetID = 6AEE963A2AC4A14400792893;
					};
				};
			};
			buildConfigurationList = 6AEE96362AC4A14400792893 /* Build configuration list for PBXProject "Targets" */;
			compatibilityVersion = "Xcode 14.0";
			developmentRegion = en;
			hasScannedForEncodings = 0;
			knownRegions = (
				en,
				Base,
			);
			mainGroup = 6AEE96322AC4A14400792893;
			packageReferences = (
				6AEE96972AC4F4FA00792893 /* XCRemoteSwiftPackageReference "firebase-ios-sdk" */,
				6AB2321C2ACF86A1002577D2 /* XCRemoteSwiftPackageReference "Alamofire" */,
			);
			productRefGroup = 6AEE963C2AC4A14400792893 /* Products */;
			projectDirPath = "";
			projectRoot = "";
			targets = (
				6AEE963A2AC4A14400792893 /* Targets */,
				6AEE96502AC4A14700792893 /* TargetsTests */,
				6AEE965A2AC4A14700792893 /* TargetsUITests */,
				6AEE966E2AC4A3A100792893 /* Targets_Dev */,
			);
		};
/* End PBXProject section */

/* Begin PBXResourcesBuildPhase section */
		6AEE96392AC4A14400792893 /* Resources */ = {
			isa = PBXResourcesBuildPhase;
			buildActionMask = 2147483647;
			files = (
				6A23F3B62ACDF81300297414 /* login.storyboard in Resources */,
				6AEE964B2AC4A14600792893 /* LaunchScreen.storyboard in Resources */,
				6AB232162ACF7276002577D2 /* profile.storyboard in Resources */,
				6AFDEA222AC798C50032D31B /* home.storyboard in Resources */,
				6AEE96902AC4C20500792893 /* GoogleService-Info.plist in Resources */,
				6AEE96952AC4E56800792893 /* Assets.xcassets in Resources */,
				6AFDEA082AC773BA0032D31B /* menu.storyboard in Resources */,
				6AEE96462AC4A14400792893 /* Main.storyboard in Resources */,
				6AFDEA1B2AC78E9E0032D31B /* SideMenuCell.xib in Resources */,
				6AB232192ACF7D59002577D2 /* example.storyboard in Resources */,
				6AABF9CB2ADE05D800D747DB /* HomeCell.xib in Resources */,
				6AB232112ACF58DF002577D2 /* tabBar.storyboard in Resources */,
			);
			runOnlyForDeploymentPostprocessing = 0;
		};
		6AEE964F2AC4A14700792893 /* Resources */ = {
			isa = PBXResourcesBuildPhase;
			buildActionMask = 2147483647;
			files = (
			);
			runOnlyForDeploymentPostprocessing = 0;
		};
		6AEE96592AC4A14700792893 /* Resources */ = {
			isa = PBXResourcesBuildPhase;
			buildActionMask = 2147483647;
			files = (
			);
			runOnlyForDeploymentPostprocessing = 0;
		};
		6AEE96742AC4A3A100792893 /* Resources */ = {
			isa = PBXResourcesBuildPhase;
			buildActionMask = 2147483647;
			files = (
				6A23F3B72ACDF81300297414 /* login.storyboard in Resources */,
				6AEE96752AC4A3A100792893 /* LaunchScreen.storyboard in Resources */,
				6AB232172ACF7276002577D2 /* profile.storyboard in Resources */,
				6AFDEA232AC798C50032D31B /* home.storyboard in Resources */,
				6AEE96932AC4C21400792893 /* GoogleService-Info.plist in Resources */,
				6AEE96962AC4E57C00792893 /* Assets.xcassets in Resources */,
				6AFDEA092AC773BA0032D31B /* menu.storyboard in Resources */,
				6AEE96772AC4A3A100792893 /* Main.storyboard in Resources */,
				6AFDEA1C2AC78E9E0032D31B /* SideMenuCell.xib in Resources */,
				6AB2321A2ACF7D59002577D2 /* example.storyboard in Resources */,
				6AABF9CC2ADE05D800D747DB /* HomeCell.xib in Resources */,
				6AB232122ACF58DF002577D2 /* tabBar.storyboard in Resources */,
			);
			runOnlyForDeploymentPostprocessing = 0;
		};
/* End PBXResourcesBuildPhase section */

/* Begin PBXSourcesBuildPhase section */
		6AEE96372AC4A14400792893 /* Sources */ = {
			isa = PBXSourcesBuildPhase;
			buildActionMask = 2147483647;
			files = (
				6A3D48EE2AC74E4B00B6AFE1 /* LoginViewController.swift in Sources */,
				6A3D48F12AC74E6200B6AFE1 /* RegisterViewController.swift in Sources */,
				6AABF9C92ADE05D800D747DB /* HomeCell.swift in Sources */,
				6A3D48F72AC7503B00B6AFE1 /* ExtensionViewController.swift in Sources */,
				6AEE96432AC4A14400792893 /* ViewController.swift in Sources */,
				6AB232242ACF881A002577D2 /* API.swift in Sources */,
				6AFDEA0B2AC773E40032D31B /* SideMenuViewController.swift in Sources */,
				6AFDEA192AC78E9E0032D31B /* SideMenuCell.swift in Sources */,
				6AB2322D2ACF90EB002577D2 /* DataExtension.swift in Sources */,
				6AFDEA1E2AC796EF0032D31B /* ExtensionUIViewController.swift in Sources */,
				6AB2322A2ACF8EE5002577D2 /* NetworkMonitor.swift in Sources */,
				6AFDEA252AC7994D0032D31B /* HomeViewController.swift in Sources */,
				6AEE963F2AC4A14400792893 /* AppDelegate.swift in Sources */,
				6AB232072ACF5589002577D2 /* TabBarController.swift in Sources */,
				6AB2320B2ACF5749002577D2 /* ProfileViewController.swift in Sources */,
				6AB2320E2ACF5773002577D2 /* ExampleViewController.swift in Sources */,
				6AB232272ACF8DEE002577D2 /* URLExtension.swift in Sources */,
				6AEE96412AC4A14400792893 /* SceneDelegate.swift in Sources */,
				6AFDEA0E2AC773F90032D31B /* MainViewController.swift in Sources */,
			);
			runOnlyForDeploymentPostprocessing = 0;
		};
		6AEE964D2AC4A14700792893 /* Sources */ = {
			isa = PBXSourcesBuildPhase;
			buildActionMask = 2147483647;
			files = (
				6AEE96562AC4A14700792893 /* TargetsTests.swift in Sources */,
			);
			runOnlyForDeploymentPostprocessing = 0;
		};
		6AEE96572AC4A14700792893 /* Sources */ = {
			isa = PBXSourcesBuildPhase;
			buildActionMask = 2147483647;
			files = (
				6AEE96602AC4A14700792893 /* TargetsUITests.swift in Sources */,
				6AEE96622AC4A14700792893 /* TargetsUITestsLaunchTests.swift in Sources */,
			);
			runOnlyForDeploymentPostprocessing = 0;
		};
		6AEE966F2AC4A3A100792893 /* Sources */ = {
			isa = PBXSourcesBuildPhase;
			buildActionMask = 2147483647;
			files = (
				6A3D48EF2AC74E4B00B6AFE1 /* LoginViewController.swift in Sources */,
				6A3D48F22AC74E6200B6AFE1 /* RegisterViewController.swift in Sources */,
				6AABF9CA2ADE05D800D747DB /* HomeCell.swift in Sources */,
				6A3D48F82AC7503B00B6AFE1 /* ExtensionViewController.swift in Sources */,
				6AEE96702AC4A3A100792893 /* ViewController.swift in Sources */,
				6AB232252ACF881A002577D2 /* API.swift in Sources */,
				6AFDEA0C2AC773E40032D31B /* SideMenuViewController.swift in Sources */,
				6AFDEA1A2AC78E9E0032D31B /* SideMenuCell.swift in Sources */,
				6AB2322E2ACF90EB002577D2 /* DataExtension.swift in Sources */,
				6AFDEA1F2AC796EF0032D31B /* ExtensionUIViewController.swift in Sources */,
				6AB2322B2ACF8EE5002577D2 /* NetworkMonitor.swift in Sources */,
				6AFDEA262AC7994D0032D31B /* HomeViewController.swift in Sources */,
				6AEE96712AC4A3A100792893 /* AppDelegate.swift in Sources */,
				6AB232082ACF5589002577D2 /* TabBarController.swift in Sources */,
				6AB2320C2ACF5749002577D2 /* ProfileViewController.swift in Sources */,
				6AB2320F2ACF5773002577D2 /* ExampleViewController.swift in Sources */,
				6AB232282ACF8DEE002577D2 /* URLExtension.swift in Sources */,
				6AEE96722AC4A3A100792893 /* SceneDelegate.swift in Sources */,
				6AFDEA0F2AC773F90032D31B /* MainViewController.swift in Sources */,
			);
			runOnlyForDeploymentPostprocessing = 0;
		};
/* End PBXSourcesBuildPhase section */

/* Begin PBXTargetDependency section */
		6AEE96532AC4A14700792893 /* PBXTargetDependency */ = {
			isa = PBXTargetDependency;
			target = 6AEE963A2AC4A14400792893 /* Targets */;
			targetProxy = 6AEE96522AC4A14700792893 /* PBXContainerItemProxy */;
		};
		6AEE965D2AC4A14700792893 /* PBXTargetDependency */ = {
			isa = PBXTargetDependency;
			target = 6AEE963A2AC4A14400792893 /* Targets */;
			targetProxy = 6AEE965C2AC4A14700792893 /* PBXContainerItemProxy */;
		};
/* End PBXTargetDependency section */

/* Begin PBXVariantGroup section */
		6AEE96442AC4A14400792893 /* Main.storyboard */ = {
			isa = PBXVariantGroup;
			children = (
				6AEE96452AC4A14400792893 /* Base */,
			);
			name = Main.storyboard;
			sourceTree = "<group>";
		};
		6AEE96492AC4A14600792893 /* LaunchScreen.storyboard */ = {
			isa = PBXVariantGroup;
			children = (
				6AEE964A2AC4A14600792893 /* Base */,
			);
			name = LaunchScreen.storyboard;
			sourceTree = "<group>";
		};
/* End PBXVariantGroup section */

/* Begin XCBuildConfiguration section */
		6AEE96632AC4A14700792893 /* Debug */ = {
			isa = XCBuildConfiguration;
			buildSettings = {
				ALWAYS_SEARCH_USER_PATHS = NO;
				ASSETCATALOG_COMPILER_GENERATE_SWIFT_ASSET_SYMBOL_EXTENSIONS = YES;
				CLANG_ANALYZER_NONNULL = YES;
				CLANG_ANALYZER_NUMBER_OBJECT_CONVERSION = YES_AGGRESSIVE;
				CLANG_CXX_LANGUAGE_STANDARD = "gnu++20";
				CLANG_ENABLE_MODULES = YES;
				CLANG_ENABLE_OBJC_ARC = YES;
				CLANG_ENABLE_OBJC_WEAK = YES;
				CLANG_WARN_BLOCK_CAPTURE_AUTORELEASING = YES;
				CLANG_WARN_BOOL_CONVERSION = YES;
				CLANG_WARN_COMMA = YES;
				CLANG_WARN_CONSTANT_CONVERSION = YES;
				CLANG_WARN_DEPRECATED_OBJC_IMPLEMENTATIONS = YES;
				CLANG_WARN_DIRECT_OBJC_ISA_USAGE = YES_ERROR;
				CLANG_WARN_DOCUMENTATION_COMMENTS = YES;
				CLANG_WARN_EMPTY_BODY = YES;
				CLANG_WARN_ENUM_CONVERSION = YES;
				CLANG_WARN_INFINITE_RECURSION = YES;
				CLANG_WARN_INT_CONVERSION = YES;
				CLANG_WARN_NON_LITERAL_NULL_CONVERSION = YES;
				CLANG_WARN_OBJC_IMPLICIT_RETAIN_SELF = YES;
				CLANG_WARN_OBJC_LITERAL_CONVERSION = YES;
				CLANG_WARN_OBJC_ROOT_CLASS = YES_ERROR;
				CLANG_WARN_QUOTED_INCLUDE_IN_FRAMEWORK_HEADER = YES;
				CLANG_WARN_RANGE_LOOP_ANALYSIS = YES;
				CLANG_WARN_STRICT_PROTOTYPES = YES;
				CLANG_WARN_SUSPICIOUS_MOVE = YES;
				CLANG_WARN_UNGUARDED_AVAILABILITY = YES_AGGRESSIVE;
				CLANG_WARN_UNREACHABLE_CODE = YES;
				CLANG_WARN__DUPLICATE_METHOD_MATCH = YES;
				COPY_PHASE_STRIP = NO;
				DEBUG_INFORMATION_FORMAT = dwarf;
				ENABLE_STRICT_OBJC_MSGSEND = YES;
				ENABLE_TESTABILITY = YES;
				ENABLE_USER_SCRIPT_SANDBOXING = YES;
				GCC_C_LANGUAGE_STANDARD = gnu17;
				GCC_DYNAMIC_NO_PIC = NO;
				GCC_NO_COMMON_BLOCKS = YES;
				GCC_OPTIMIZATION_LEVEL = 0;
				GCC_PREPROCESSOR_DEFINITIONS = (
					"DEBUG=1",
					"$(inherited)",
				);
				GCC_WARN_64_TO_32_BIT_CONVERSION = YES;
				GCC_WARN_ABOUT_RETURN_TYPE = YES_ERROR;
				GCC_WARN_UNDECLARED_SELECTOR = YES;
				GCC_WARN_UNINITIALIZED_AUTOS = YES_AGGRESSIVE;
				GCC_WARN_UNUSED_FUNCTION = YES;
				GCC_WARN_UNUSED_VARIABLE = YES;
				IPHONEOS_DEPLOYMENT_TARGET = 17.0;
				LOCALIZATION_PREFERS_STRING_CATALOGS = YES;
				MTL_ENABLE_DEBUG_INFO = INCLUDE_SOURCE;
				MTL_FAST_MATH = YES;
				ONLY_ACTIVE_ARCH = YES;
				SDKROOT = iphoneos;
				SWIFT_ACTIVE_COMPILATION_CONDITIONS = "DEBUG $(inherited)";
				SWIFT_OPTIMIZATION_LEVEL = "-Onone";
			};
			name = Debug;
		};
		6AEE96642AC4A14700792893 /* Release */ = {
			isa = XCBuildConfiguration;
			buildSettings = {
				ALWAYS_SEARCH_USER_PATHS = NO;
				ASSETCATALOG_COMPILER_GENERATE_SWIFT_ASSET_SYMBOL_EXTENSIONS = YES;
				CLANG_ANALYZER_NONNULL = YES;
				CLANG_ANALYZER_NUMBER_OBJECT_CONVERSION = YES_AGGRESSIVE;
				CLANG_CXX_LANGUAGE_STANDARD = "gnu++20";
				CLANG_ENABLE_MODULES = YES;
				CLANG_ENABLE_OBJC_ARC = YES;
				CLANG_ENABLE_OBJC_WEAK = YES;
				CLANG_WARN_BLOCK_CAPTURE_AUTORELEASING = YES;
				CLANG_WARN_BOOL_CONVERSION = YES;
				CLANG_WARN_COMMA = YES;
				CLANG_WARN_CONSTANT_CONVERSION = YES;
				CLANG_WARN_DEPRECATED_OBJC_IMPLEMENTATIONS = YES;
				CLANG_WARN_DIRECT_OBJC_ISA_USAGE = YES_ERROR;
				CLANG_WARN_DOCUMENTATION_COMMENTS = YES;
				CLANG_WARN_EMPTY_BODY = YES;
				CLANG_WARN_ENUM_CONVERSION = YES;
				CLANG_WARN_INFINITE_RECURSION = YES;
				CLANG_WARN_INT_CONVERSION = YES;
				CLANG_WARN_NON_LITERAL_NULL_CONVERSION = YES;
				CLANG_WARN_OBJC_IMPLICIT_RETAIN_SELF = YES;
				CLANG_WARN_OBJC_LITERAL_CONVERSION = YES;
				CLANG_WARN_OBJC_ROOT_CLASS = YES_ERROR;
				CLANG_WARN_QUOTED_INCLUDE_IN_FRAMEWORK_HEADER = YES;
				CLANG_WARN_RANGE_LOOP_ANALYSIS = YES;
				CLANG_WARN_STRICT_PROTOTYPES = YES;
				CLANG_WARN_SUSPICIOUS_MOVE = YES;
				CLANG_WARN_UNGUARDED_AVAILABILITY = YES_AGGRESSIVE;
				CLANG_WARN_UNREACHABLE_CODE = YES;
				CLANG_WARN__DUPLICATE_METHOD_MATCH = YES;
				COPY_PHASE_STRIP = NO;
				DEBUG_INFORMATION_FORMAT = "dwarf-with-dsym";
				ENABLE_NS_ASSERTIONS = NO;
				ENABLE_STRICT_OBJC_MSGSEND = YES;
				ENABLE_USER_SCRIPT_SANDBOXING = YES;
				GCC_C_LANGUAGE_STANDARD = gnu17;
				GCC_NO_COMMON_BLOCKS = YES;
				GCC_WARN_64_TO_32_BIT_CONVERSION = YES;
				GCC_WARN_ABOUT_RETURN_TYPE = YES_ERROR;
				GCC_WARN_UNDECLARED_SELECTOR = YES;
				GCC_WARN_UNINITIALIZED_AUTOS = YES_AGGRESSIVE;
				GCC_WARN_UNUSED_FUNCTION = YES;
				GCC_WARN_UNUSED_VARIABLE = YES;
				IPHONEOS_DEPLOYMENT_TARGET = 17.0;
				LOCALIZATION_PREFERS_STRING_CATALOGS = YES;
				MTL_ENABLE_DEBUG_INFO = NO;
				MTL_FAST_MATH = YES;
				SDKROOT = iphoneos;
				SWIFT_COMPILATION_MODE = wholemodule;
				VALIDATE_PRODUCT = YES;
			};
			name = Release;
		};
		6AEE96662AC4A14700792893 /* Debug */ = {
			isa = XCBuildConfiguration;
			buildSettings = {
				ASSETCATALOG_COMPILER_APPICON_NAME = AppIcon;
				ASSETCATALOG_COMPILER_GLOBAL_ACCENT_COLOR_NAME = AccentColor;
				CODE_SIGN_STYLE = Automatic;
				CURRENT_PROJECT_VERSION = 1;
				DEVELOPMENT_TEAM = C8CLUMBYJP;
				GENERATE_INFOPLIST_FILE = YES;
				INFOPLIST_FILE = Targets/Info.plist;
				INFOPLIST_KEY_CFBundleDisplayName = "Targets Prod";
				INFOPLIST_KEY_UIApplicationSupportsIndirectInputEvents = YES;
				INFOPLIST_KEY_UILaunchStoryboardName = LaunchScreen;
				INFOPLIST_KEY_UIMainStoryboardFile = Main;
				INFOPLIST_KEY_UISupportedInterfaceOrientations_iPad = "UIInterfaceOrientationPortrait UIInterfaceOrientationPortraitUpsideDown UIInterfaceOrientationLandscapeLeft UIInterfaceOrientationLandscapeRight";
				INFOPLIST_KEY_UISupportedInterfaceOrientations_iPhone = "UIInterfaceOrientationPortrait UIInterfaceOrientationLandscapeLeft UIInterfaceOrientationLandscapeRight";
				IPHONEOS_DEPLOYMENT_TARGET = 13.0;
				LD_RUNPATH_SEARCH_PATHS = (
					"$(inherited)",
					"@executable_path/Frameworks",
				);
				MARKETING_VERSION = 1.0;
				PRODUCT_BUNDLE_IDENTIFIER = com.avalosha.Targets;
				PRODUCT_NAME = "$(TARGET_NAME)";
				SWIFT_EMIT_LOC_STRINGS = YES;
				SWIFT_VERSION = 5.0;
				TARGETED_DEVICE_FAMILY = "1,2";
			};
			name = Debug;
		};
		6AEE96672AC4A14700792893 /* Release */ = {
			isa = XCBuildConfiguration;
			buildSettings = {
				ASSETCATALOG_COMPILER_APPICON_NAME = AppIcon;
				ASSETCATALOG_COMPILER_GLOBAL_ACCENT_COLOR_NAME = AccentColor;
				CODE_SIGN_STYLE = Automatic;
				CURRENT_PROJECT_VERSION = 1;
				DEVELOPMENT_TEAM = C8CLUMBYJP;
				GENERATE_INFOPLIST_FILE = YES;
				INFOPLIST_FILE = Targets/Info.plist;
				INFOPLIST_KEY_CFBundleDisplayName = "Targets Prod";
				INFOPLIST_KEY_UIApplicationSupportsIndirectInputEvents = YES;
				INFOPLIST_KEY_UILaunchStoryboardName = LaunchScreen;
				INFOPLIST_KEY_UIMainStoryboardFile = Main;
				INFOPLIST_KEY_UISupportedInterfaceOrientations_iPad = "UIInterfaceOrientationPortrait UIInterfaceOrientationPortraitUpsideDown UIInterfaceOrientationLandscapeLeft UIInterfaceOrientationLandscapeRight";
				INFOPLIST_KEY_UISupportedInterfaceOrientations_iPhone = "UIInterfaceOrientationPortrait UIInterfaceOrientationLandscapeLeft UIInterfaceOrientationLandscapeRight";
				IPHONEOS_DEPLOYMENT_TARGET = 13.0;
				LD_RUNPATH_SEARCH_PATHS = (
					"$(inherited)",
					"@executable_path/Frameworks",
				);
				MARKETING_VERSION = 1.0;
				PRODUCT_BUNDLE_IDENTIFIER = com.avalosha.Targets;
				PRODUCT_NAME = "$(TARGET_NAME)";
				SWIFT_EMIT_LOC_STRINGS = YES;
				SWIFT_VERSION = 5.0;
				TARGETED_DEVICE_FAMILY = "1,2";
			};
			name = Release;
		};
		6AEE96692AC4A14700792893 /* Debug */ = {
			isa = XCBuildConfiguration;
			buildSettings = {
				ALWAYS_EMBED_SWIFT_STANDARD_LIBRARIES = YES;
				BUNDLE_LOADER = "$(TEST_HOST)";
				CODE_SIGN_STYLE = Automatic;
				CURRENT_PROJECT_VERSION = 1;
				GENERATE_INFOPLIST_FILE = YES;
				IPHONEOS_DEPLOYMENT_TARGET = 17.0;
				MARKETING_VERSION = 1.0;
				PRODUCT_BUNDLE_IDENTIFIER = com.avalosha.TargetsTests;
				PRODUCT_NAME = "$(TARGET_NAME)";
				SWIFT_EMIT_LOC_STRINGS = NO;
				SWIFT_VERSION = 5.0;
				TARGETED_DEVICE_FAMILY = "1,2";
				TEST_HOST = "$(BUILT_PRODUCTS_DIR)/Targets.app/$(BUNDLE_EXECUTABLE_FOLDER_PATH)/Targets";
			};
			name = Debug;
		};
		6AEE966A2AC4A14700792893 /* Release */ = {
			isa = XCBuildConfiguration;
			buildSettings = {
				ALWAYS_EMBED_SWIFT_STANDARD_LIBRARIES = YES;
				BUNDLE_LOADER = "$(TEST_HOST)";
				CODE_SIGN_STYLE = Automatic;
				CURRENT_PROJECT_VERSION = 1;
				GENERATE_INFOPLIST_FILE = YES;
				IPHONEOS_DEPLOYMENT_TARGET = 17.0;
				MARKETING_VERSION = 1.0;
				PRODUCT_BUNDLE_IDENTIFIER = com.avalosha.TargetsTests;
				PRODUCT_NAME = "$(TARGET_NAME)";
				SWIFT_EMIT_LOC_STRINGS = NO;
				SWIFT_VERSION = 5.0;
				TARGETED_DEVICE_FAMILY = "1,2";
				TEST_HOST = "$(BUILT_PRODUCTS_DIR)/Targets.app/$(BUNDLE_EXECUTABLE_FOLDER_PATH)/Targets";
			};
			name = Release;
		};
		6AEE966C2AC4A14700792893 /* Debug */ = {
			isa = XCBuildConfiguration;
			buildSettings = {
				ALWAYS_EMBED_SWIFT_STANDARD_LIBRARIES = YES;
				CODE_SIGN_STYLE = Automatic;
				CURRENT_PROJECT_VERSION = 1;
				GENERATE_INFOPLIST_FILE = YES;
				MARKETING_VERSION = 1.0;
				PRODUCT_BUNDLE_IDENTIFIER = com.avalosha.TargetsUITests;
				PRODUCT_NAME = "$(TARGET_NAME)";
				SWIFT_EMIT_LOC_STRINGS = NO;
				SWIFT_VERSION = 5.0;
				TARGETED_DEVICE_FAMILY = "1,2";
				TEST_TARGET_NAME = Targets;
			};
			name = Debug;
		};
		6AEE966D2AC4A14700792893 /* Release */ = {
			isa = XCBuildConfiguration;
			buildSettings = {
				ALWAYS_EMBED_SWIFT_STANDARD_LIBRARIES = YES;
				CODE_SIGN_STYLE = Automatic;
				CURRENT_PROJECT_VERSION = 1;
				GENERATE_INFOPLIST_FILE = YES;
				MARKETING_VERSION = 1.0;
				PRODUCT_BUNDLE_IDENTIFIER = com.avalosha.TargetsUITests;
				PRODUCT_NAME = "$(TARGET_NAME)";
				SWIFT_EMIT_LOC_STRINGS = NO;
				SWIFT_VERSION = 5.0;
				TARGETED_DEVICE_FAMILY = "1,2";
				TEST_TARGET_NAME = Targets;
			};
			name = Release;
		};
		6AEE96792AC4A3A100792893 /* Debug */ = {
			isa = XCBuildConfiguration;
			buildSettings = {
				ASSETCATALOG_COMPILER_APPICON_NAME = AppIcon;
				ASSETCATALOG_COMPILER_GLOBAL_ACCENT_COLOR_NAME = AccentColor;
				CODE_SIGN_STYLE = Automatic;
				CURRENT_PROJECT_VERSION = 1;
				DEVELOPMENT_TEAM = C8CLUMBYJP;
				GENERATE_INFOPLIST_FILE = YES;
				INFOPLIST_FILE = "Targets_Dev-Info.plist";
				INFOPLIST_KEY_CFBundleDisplayName = "Targets Dev";
				INFOPLIST_KEY_UIApplicationSupportsIndirectInputEvents = YES;
				INFOPLIST_KEY_UILaunchStoryboardName = LaunchScreen;
				INFOPLIST_KEY_UIMainStoryboardFile = Main;
				INFOPLIST_KEY_UISupportedInterfaceOrientations = UIInterfaceOrientationPortrait;
				IPHONEOS_DEPLOYMENT_TARGET = 13.0;
				LD_RUNPATH_SEARCH_PATHS = (
					"$(inherited)",
					"@executable_path/Frameworks",
				);
				MARKETING_VERSION = 1.0;
				OTHER_SWIFT_FLAGS = "-D DEV";
				PRODUCT_BUNDLE_IDENTIFIER = com.avalosha.TargetsDev;
				PRODUCT_NAME = "$(TARGET_NAME)";
				SWIFT_EMIT_LOC_STRINGS = YES;
				SWIFT_VERSION = 5.0;
				TARGETED_DEVICE_FAMILY = "1,2";
			};
			name = Debug;
		};
		6AEE967A2AC4A3A100792893 /* Release */ = {
			isa = XCBuildConfiguration;
			buildSettings = {
				ASSETCATALOG_COMPILER_APPICON_NAME = AppIcon;
				ASSETCATALOG_COMPILER_GLOBAL_ACCENT_COLOR_NAME = AccentColor;
				CODE_SIGN_STYLE = Automatic;
				CURRENT_PROJECT_VERSION = 1;
				DEVELOPMENT_TEAM = C8CLUMBYJP;
				GENERATE_INFOPLIST_FILE = YES;
				INFOPLIST_FILE = "Targets_Dev-Info.plist";
				INFOPLIST_KEY_CFBundleDisplayName = "Targets Dev";
				INFOPLIST_KEY_UIApplicationSupportsIndirectInputEvents = YES;
				INFOPLIST_KEY_UILaunchStoryboardName = LaunchScreen;
				INFOPLIST_KEY_UIMainStoryboardFile = Main;
				INFOPLIST_KEY_UISupportedInterfaceOrientations = UIInterfaceOrientationPortrait;
				IPHONEOS_DEPLOYMENT_TARGET = 13.0;
				LD_RUNPATH_SEARCH_PATHS = (
					"$(inherited)",
					"@executable_path/Frameworks",
				);
				MARKETING_VERSION = 1.0;
				OTHER_SWIFT_FLAGS = "-D DEV";
				PRODUCT_BUNDLE_IDENTIFIER = com.avalosha.TargetsDev;
				PRODUCT_NAME = "$(TARGET_NAME)";
				SWIFT_EMIT_LOC_STRINGS = YES;
				SWIFT_VERSION = 5.0;
				TARGETED_DEVICE_FAMILY = "1,2";
			};
			name = Release;
		};
/* End XCBuildConfiguration section */

/* Begin XCConfigurationList section */
		6AEE96362AC4A14400792893 /* Build configuration list for PBXProject "Targets" */ = {
			isa = XCConfigurationList;
			buildConfigurations = (
				6AEE96632AC4A14700792893 /* Debug */,
				6AEE96642AC4A14700792893 /* Release */,
			);
			defaultConfigurationIsVisible = 0;
			defaultConfigurationName = Release;
		};
		6AEE96652AC4A14700792893 /* Build configuration list for PBXNativeTarget "Targets" */ = {
			isa = XCConfigurationList;
			buildConfigurations = (
				6AEE96662AC4A14700792893 /* Debug */,
				6AEE96672AC4A14700792893 /* Release */,
			);
			defaultConfigurationIsVisible = 0;
			defaultConfigurationName = Release;
		};
		6AEE96682AC4A14700792893 /* Build configuration list for PBXNativeTarget "TargetsTests" */ = {
			isa = XCConfigurationList;
			buildConfigurations = (
				6AEE96692AC4A14700792893 /* Debug */,
				6AEE966A2AC4A14700792893 /* Release */,
			);
			defaultConfigurationIsVisible = 0;
			defaultConfigurationName = Release;
		};
		6AEE966B2AC4A14700792893 /* Build configuration list for PBXNativeTarget "TargetsUITests" */ = {
			isa = XCConfigurationList;
			buildConfigurations = (
				6AEE966C2AC4A14700792893 /* Debug */,
				6AEE966D2AC4A14700792893 /* Release */,
			);
			defaultConfigurationIsVisible = 0;
			defaultConfigurationName = Release;
		};
		6AEE96782AC4A3A100792893 /* Build configuration list for PBXNativeTarget "Targets_Dev" */ = {
			isa = XCConfigurationList;
			buildConfigurations = (
				6AEE96792AC4A3A100792893 /* Debug */,
				6AEE967A2AC4A3A100792893 /* Release */,
			);
			defaultConfigurationIsVisible = 0;
			defaultConfigurationName = Release;
		};
/* End XCConfigurationList section */

/* Begin XCRemoteSwiftPackageReference section */
		6AB2321C2ACF86A1002577D2 /* XCRemoteSwiftPackageReference "Alamofire" */ = {
			isa = XCRemoteSwiftPackageReference;
			repositoryURL = "https://github.com/Alamofire/Alamofire#swift-package-manager";
			requirement = {
				kind = upToNextMajorVersion;
				minimumVersion = 5.8.0;
			};
		};
		6AEE96972AC4F4FA00792893 /* XCRemoteSwiftPackageReference "firebase-ios-sdk" */ = {
			isa = XCRemoteSwiftPackageReference;
			repositoryURL = "https://github.com/firebase/firebase-ios-sdk.git";
			requirement = {
				kind = upToNextMajorVersion;
				minimumVersion = 10.15.0;
			};
		};
/* End XCRemoteSwiftPackageReference section */

/* Begin XCSwiftPackageProductDependency section */
		6AB2321D2ACF86A1002577D2 /* Alamofire */ = {
			isa = XCSwiftPackageProductDependency;
			package = 6AB2321C2ACF86A1002577D2 /* XCRemoteSwiftPackageReference "Alamofire" */;
			productName = Alamofire;
		};
		6AB2321F2ACF86B2002577D2 /* Alamofire */ = {
			isa = XCSwiftPackageProductDependency;
			package = 6AB2321C2ACF86A1002577D2 /* XCRemoteSwiftPackageReference "Alamofire" */;
			productName = Alamofire;
		};
		6AD1F78C2AC643F3005915E3 /* FirebaseAuth */ = {
			isa = XCSwiftPackageProductDependency;
			package = 6AEE96972AC4F4FA00792893 /* XCRemoteSwiftPackageReference "firebase-ios-sdk" */;
			productName = FirebaseAuth;
		};
		6AD1F78E2AC6440D005915E3 /* FirebaseAuth */ = {
			isa = XCSwiftPackageProductDependency;
			package = 6AEE96972AC4F4FA00792893 /* XCRemoteSwiftPackageReference "firebase-ios-sdk" */;
			productName = FirebaseAuth;
		};
		6AEE96982AC4F4FA00792893 /* FirebaseAnalytics */ = {
			isa = XCSwiftPackageProductDependency;
			package = 6AEE96972AC4F4FA00792893 /* XCRemoteSwiftPackageReference "firebase-ios-sdk" */;
			productName = FirebaseAnalytics;
		};
		6AEE969A2AC4F4FA00792893 /* FirebaseCrashlytics */ = {
			isa = XCSwiftPackageProductDependency;
			package = 6AEE96972AC4F4FA00792893 /* XCRemoteSwiftPackageReference "firebase-ios-sdk" */;
			productName = FirebaseCrashlytics;
		};
		6AEE969C2AC4F52000792893 /* FirebaseAnalytics */ = {
			isa = XCSwiftPackageProductDependency;
			package = 6AEE96972AC4F4FA00792893 /* XCRemoteSwiftPackageReference "firebase-ios-sdk" */;
			productName = FirebaseAnalytics;
		};
		6AEE969E2AC4F52000792893 /* FirebaseCrashlytics */ = {
			isa = XCSwiftPackageProductDependency;
			package = 6AEE96972AC4F4FA00792893 /* XCRemoteSwiftPackageReference "firebase-ios-sdk" */;
			productName = FirebaseCrashlytics;
		};
/* End XCSwiftPackageProductDependency section */
	};
	rootObject = 6AEE96332AC4A14400792893 /* Project object */;
}
